
Microsoft Visual Studio Solution File, Format Version 12.00
# Visual Studio 15
VisualStudioVersion = 15.0.27705.2000
MinimumVisualStudioVersion = 10.0.40219.1
Project("{9A19103F-16F7-4668-BE54-9A1E7A4F7556}") = "Battleships.Model", "..\Battleships.Model\Battleships.Model.csproj", "{DDC6C505-C3B0-4452-BE68-1B6165A5F5E4}"
EndProject
Project("{9A19103F-16F7-4668-BE54-9A1E7A4F7556}") = "Battleships.BlazorUI", "Battleships.BlazorUi\Battleships.BlazorUI.csproj", "{1320E046-FE3F-492E-BF4B-B45FC4C540C7}"
EndProject
Global
	GlobalSection(SolutionConfigurationPlatforms) = preSolution
		Debug|Any CPU = Debug|Any CPU
		Release|Any CPU = Release|Any CPU
	EndGlobalSection
	GlobalSection(ProjectConfigurationPlatforms) = postSolution
		{DDC6C505-C3B0-4452-BE68-1B6165A5F5E4}.Debug|Any CPU.ActiveCfg = Debug|Any CPU
		{DDC6C505-C3B0-4452-BE68-1B6165A5F5E4}.Debug|Any CPU.Build.0 = Debug|Any CPU
		{DDC6C505-C3B0-4452-BE68-1B6165A5F5E4}.Release|Any CPU.ActiveCfg = Release|Any CPU
		{DDC6C505-C3B0-4452-BE68-1B6165A5F5E4}.Release|Any CPU.Build.0 = Release|Any CPU
		{1320E046-FE3F-492E-BF4B-B45FC4C540C7}.Debug|Any CPU.ActiveCfg = Debug|Any CPU
		{1320E046-FE3F-492E-BF4B-B45FC4C540C7}.Debug|Any CPU.Build.0 = Debug|Any CPU
		{1320E046-FE3F-492E-BF4B-B45FC4C540C7}.Release|Any CPU.ActiveCfg = Release|Any CPU
		{1320E046-FE3F-492E-BF4B-B45FC4C540C7}.Release|Any CPU.Build.0 = Release|Any CPU
	EndGlobalSection
	GlobalSection(SolutionProperties) = preSolution
		HideSolutionNode = FALSE
	EndGlobalSection
	GlobalSection(ExtensibilityGlobals) = postSolution
		SolutionGuid = {65E02517-465A-430E-A63B-7ED22FBD1D47}
	EndGlobalSection
EndGlobal
