
Microsoft Visual Studio Solution File, Format Version 12.00
# Visual Studio Version 17
VisualStudioVersion = 17.0.31521.260
MinimumVisualStudioVersion = 10.0.40219.1
Project("{FAE04EC0-301F-11D3-BF4B-00C04F79EFBC}") = "Cloudbattleships.Backend", "Cloudbattleships.Backend\Cloudbattleships.Backend.csproj", "{BCB9F58D-7CD6-40D1-B985-2E0F1F98D003}"
EndProject
Global
	GlobalSection(SolutionConfigurationPlatforms) = preSolution
		Debug|Any CPU = Debug|Any CPU
		Release|Any CPU = Release|Any CPU
	EndGlobalSection
	GlobalSection(ProjectConfigurationPlatforms) = postSolution
		{BCB9F58D-7CD6-40D1-B985-2E0F1F98D003}.Debug|Any CPU.ActiveCfg = Debug|Any CPU
		{BCB9F58D-7CD6-40D1-B985-2E0F1F98D003}.Debug|Any CPU.Build.0 = Debug|Any CPU
		{BCB9F58D-7CD6-40D1-B985-2E0F1F98D003}.Release|Any CPU.ActiveCfg = Release|Any CPU
		{BCB9F58D-7CD6-40D1-B985-2E0F1F98D003}.Release|Any CPU.Build.0 = Release|Any CPU
	EndGlobalSection
	GlobalSection(SolutionProperties) = preSolution
		HideSolutionNode = FALSE
	EndGlobalSection
	GlobalSection(ExtensibilityGlobals) = postSolution
		SolutionGuid = {B1856C6E-DDA6-4A88-B99B-34B61BC9F583}
	EndGlobalSection
EndGlobal
