
Microsoft Visual Studio Solution File, Format Version 12.00
# Visual Studio 15
VisualStudioVersion = 15.0.27705.2000
MinimumVisualStudioVersion = 10.0.40219.1
Project("{9A19103F-16F7-4668-BE54-9A1E7A4F7556}") = "Battleships.Model", "..\Battleships.Model\Battleships.Model.csproj", "{E6CA1AEE-FC31-4549-8C35-780CCA0F1004}"
EndProject
Project("{9A19103F-16F7-4668-BE54-9A1E7A4F7556}") = "Battleships.XamFormsUI", "src\Battleships.XamFormsUI\Battleships.XamFormsUI.csproj", "{18DBA657-06C3-49C0-A3BB-E52A9767DCC3}"
EndProject
Project("{FAE04EC0-301F-11D3-BF4B-00C04F79EFBC}") = "Battleships.XamFormsUI.UWP", "src\Uwp\Battleships.XamFormsUI.UWP.csproj", "{D24B81CF-D2F2-4A26-9509-E22295D479C3}"
EndProject
Project("{FAE04EC0-301F-11D3-BF4B-00C04F79EFBC}") = "Battleships.XamFormsUI.Android", "src\Android\Battleships.XamFormsUI.Android.csproj", "{B1C3635D-2151-4369-84A7-FD55BF3B539A}"
EndProject
Project("{FAE04EC0-301F-11D3-BF4B-00C04F79EFBC}") = "Battleships.XamFormsUI.iOS", "src\iOS\Battleships.XamFormsUI.iOS.csproj", "{C2855AAE-4162-4F0E-BA6E-16DAB7F37167}"
EndProject
Global
	GlobalSection(SolutionConfigurationPlatforms) = preSolution
		Ad-Hoc|Any CPU = Ad-Hoc|Any CPU
		Ad-Hoc|ARM = Ad-Hoc|ARM
		Ad-Hoc|iPhone = Ad-Hoc|iPhone
		Ad-Hoc|iPhoneSimulator = Ad-Hoc|iPhoneSimulator
		Ad-Hoc|x64 = Ad-Hoc|x64
		Ad-Hoc|x86 = Ad-Hoc|x86
		AppStore|Any CPU = AppStore|Any CPU
		AppStore|ARM = AppStore|ARM
		AppStore|iPhone = AppStore|iPhone
		AppStore|iPhoneSimulator = AppStore|iPhoneSimulator
		AppStore|x64 = AppStore|x64
		AppStore|x86 = AppStore|x86
		Debug|Any CPU = Debug|Any CPU
		Debug|ARM = Debug|ARM
		Debug|iPhone = Debug|iPhone
		Debug|iPhoneSimulator = Debug|iPhoneSimulator
		Debug|x64 = Debug|x64
		Debug|x86 = Debug|x86
		Release|Any CPU = Release|Any CPU
		Release|ARM = Release|ARM
		Release|iPhone = Release|iPhone
		Release|iPhoneSimulator = Release|iPhoneSimulator
		Release|x64 = Release|x64
		Release|x86 = Release|x86
	EndGlobalSection
	GlobalSection(ProjectConfigurationPlatforms) = postSolution
		{E6CA1AEE-FC31-4549-8C35-780CCA0F1004}.Ad-Hoc|Any CPU.ActiveCfg = Debug|Any CPU
		{E6CA1AEE-FC31-4549-8C35-780CCA0F1004}.Ad-Hoc|Any CPU.Build.0 = Debug|Any CPU
		{E6CA1AEE-FC31-4549-8C35-780CCA0F1004}.Ad-Hoc|ARM.ActiveCfg = Debug|Any CPU
		{E6CA1AEE-FC31-4549-8C35-780CCA0F1004}.Ad-Hoc|ARM.Build.0 = Debug|Any CPU
		{E6CA1AEE-FC31-4549-8C35-780CCA0F1004}.Ad-Hoc|iPhone.ActiveCfg = Debug|Any CPU
		{E6CA1AEE-FC31-4549-8C35-780CCA0F1004}.Ad-Hoc|iPhone.Build.0 = Debug|Any CPU
		{E6CA1AEE-FC31-4549-8C35-780CCA0F1004}.Ad-Hoc|iPhoneSimulator.ActiveCfg = Debug|Any CPU
		{E6CA1AEE-FC31-4549-8C35-780CCA0F1004}.Ad-Hoc|iPhoneSimulator.Build.0 = Debug|Any CPU
		{E6CA1AEE-FC31-4549-8C35-780CCA0F1004}.Ad-Hoc|x64.ActiveCfg = Debug|Any CPU
		{E6CA1AEE-FC31-4549-8C35-780CCA0F1004}.Ad-Hoc|x64.Build.0 = Debug|Any CPU
		{E6CA1AEE-FC31-4549-8C35-780CCA0F1004}.Ad-Hoc|x86.ActiveCfg = Debug|Any CPU
		{E6CA1AEE-FC31-4549-8C35-780CCA0F1004}.Ad-Hoc|x86.Build.0 = Debug|Any CPU
		{E6CA1AEE-FC31-4549-8C35-780CCA0F1004}.AppStore|Any CPU.ActiveCfg = Debug|Any CPU
		{E6CA1AEE-FC31-4549-8C35-780CCA0F1004}.AppStore|Any CPU.Build.0 = Debug|Any CPU
		{E6CA1AEE-FC31-4549-8C35-780CCA0F1004}.AppStore|ARM.ActiveCfg = Debug|Any CPU
		{E6CA1AEE-FC31-4549-8C35-780CCA0F1004}.AppStore|ARM.Build.0 = Debug|Any CPU
		{E6CA1AEE-FC31-4549-8C35-780CCA0F1004}.AppStore|iPhone.ActiveCfg = Debug|Any CPU
		{E6CA1AEE-FC31-4549-8C35-780CCA0F1004}.AppStore|iPhone.Build.0 = Debug|Any CPU
		{E6CA1AEE-FC31-4549-8C35-780CCA0F1004}.AppStore|iPhoneSimulator.ActiveCfg = Debug|Any CPU
		{E6CA1AEE-FC31-4549-8C35-780CCA0F1004}.AppStore|iPhoneSimulator.Build.0 = Debug|Any CPU
		{E6CA1AEE-FC31-4549-8C35-780CCA0F1004}.AppStore|x64.ActiveCfg = Debug|Any CPU
		{E6CA1AEE-FC31-4549-8C35-780CCA0F1004}.AppStore|x64.Build.0 = Debug|Any CPU
		{E6CA1AEE-FC31-4549-8C35-780CCA0F1004}.AppStore|x86.ActiveCfg = Debug|Any CPU
		{E6CA1AEE-FC31-4549-8C35-780CCA0F1004}.AppStore|x86.Build.0 = Debug|Any CPU
		{E6CA1AEE-FC31-4549-8C35-780CCA0F1004}.Debug|Any CPU.ActiveCfg = Debug|Any CPU
		{E6CA1AEE-FC31-4549-8C35-780CCA0F1004}.Debug|Any CPU.Build.0 = Debug|Any CPU
		{E6CA1AEE-FC31-4549-8C35-780CCA0F1004}.Debug|ARM.ActiveCfg = Debug|Any CPU
		{E6CA1AEE-FC31-4549-8C35-780CCA0F1004}.Debug|ARM.Build.0 = Debug|Any CPU
		{E6CA1AEE-FC31-4549-8C35-780CCA0F1004}.Debug|iPhone.ActiveCfg = Debug|Any CPU
		{E6CA1AEE-FC31-4549-8C35-780CCA0F1004}.Debug|iPhone.Build.0 = Debug|Any CPU
		{E6CA1AEE-FC31-4549-8C35-780CCA0F1004}.Debug|iPhoneSimulator.ActiveCfg = Debug|Any CPU
		{E6CA1AEE-FC31-4549-8C35-780CCA0F1004}.Debug|iPhoneSimulator.Build.0 = Debug|Any CPU
		{E6CA1AEE-FC31-4549-8C35-780CCA0F1004}.Debug|x64.ActiveCfg = Debug|Any CPU
		{E6CA1AEE-FC31-4549-8C35-780CCA0F1004}.Debug|x64.Build.0 = Debug|Any CPU
		{E6CA1AEE-FC31-4549-8C35-780CCA0F1004}.Debug|x86.ActiveCfg = Debug|Any CPU
		{E6CA1AEE-FC31-4549-8C35-780CCA0F1004}.Debug|x86.Build.0 = Debug|Any CPU
		{E6CA1AEE-FC31-4549-8C35-780CCA0F1004}.Release|Any CPU.ActiveCfg = Release|Any CPU
		{E6CA1AEE-FC31-4549-8C35-780CCA0F1004}.Release|Any CPU.Build.0 = Release|Any CPU
		{E6CA1AEE-FC31-4549-8C35-780CCA0F1004}.Release|ARM.ActiveCfg = Release|Any CPU
		{E6CA1AEE-FC31-4549-8C35-780CCA0F1004}.Release|ARM.Build.0 = Release|Any CPU
		{E6CA1AEE-FC31-4549-8C35-780CCA0F1004}.Release|iPhone.ActiveCfg = Release|Any CPU
		{E6CA1AEE-FC31-4549-8C35-780CCA0F1004}.Release|iPhone.Build.0 = Release|Any CPU
		{E6CA1AEE-FC31-4549-8C35-780CCA0F1004}.Release|iPhoneSimulator.ActiveCfg = Release|Any CPU
		{E6CA1AEE-FC31-4549-8C35-780CCA0F1004}.Release|iPhoneSimulator.Build.0 = Release|Any CPU
		{E6CA1AEE-FC31-4549-8C35-780CCA0F1004}.Release|x64.ActiveCfg = Release|Any CPU
		{E6CA1AEE-FC31-4549-8C35-780CCA0F1004}.Release|x64.Build.0 = Release|Any CPU
		{E6CA1AEE-FC31-4549-8C35-780CCA0F1004}.Release|x86.ActiveCfg = Release|Any CPU
		{E6CA1AEE-FC31-4549-8C35-780CCA0F1004}.Release|x86.Build.0 = Release|Any CPU
		{18DBA657-06C3-49C0-A3BB-E52A9767DCC3}.Ad-Hoc|Any CPU.ActiveCfg = Debug|Any CPU
		{18DBA657-06C3-49C0-A3BB-E52A9767DCC3}.Ad-Hoc|Any CPU.Build.0 = Debug|Any CPU
		{18DBA657-06C3-49C0-A3BB-E52A9767DCC3}.Ad-Hoc|ARM.ActiveCfg = Debug|Any CPU
		{18DBA657-06C3-49C0-A3BB-E52A9767DCC3}.Ad-Hoc|ARM.Build.0 = Debug|Any CPU
		{18DBA657-06C3-49C0-A3BB-E52A9767DCC3}.Ad-Hoc|iPhone.ActiveCfg = Debug|Any CPU
		{18DBA657-06C3-49C0-A3BB-E52A9767DCC3}.Ad-Hoc|iPhone.Build.0 = Debug|Any CPU
		{18DBA657-06C3-49C0-A3BB-E52A9767DCC3}.Ad-Hoc|iPhoneSimulator.ActiveCfg = Debug|Any CPU
		{18DBA657-06C3-49C0-A3BB-E52A9767DCC3}.Ad-Hoc|iPhoneSimulator.Build.0 = Debug|Any CPU
		{18DBA657-06C3-49C0-A3BB-E52A9767DCC3}.Ad-Hoc|x64.ActiveCfg = Debug|Any CPU
		{18DBA657-06C3-49C0-A3BB-E52A9767DCC3}.Ad-Hoc|x64.Build.0 = Debug|Any CPU
		{18DBA657-06C3-49C0-A3BB-E52A9767DCC3}.Ad-Hoc|x86.ActiveCfg = Debug|Any CPU
		{18DBA657-06C3-49C0-A3BB-E52A9767DCC3}.Ad-Hoc|x86.Build.0 = Debug|Any CPU
		{18DBA657-06C3-49C0-A3BB-E52A9767DCC3}.AppStore|Any CPU.ActiveCfg = Debug|Any CPU
		{18DBA657-06C3-49C0-A3BB-E52A9767DCC3}.AppStore|Any CPU.Build.0 = Debug|Any CPU
		{18DBA657-06C3-49C0-A3BB-E52A9767DCC3}.AppStore|ARM.ActiveCfg = Debug|Any CPU
		{18DBA657-06C3-49C0-A3BB-E52A9767DCC3}.AppStore|ARM.Build.0 = Debug|Any CPU
		{18DBA657-06C3-49C0-A3BB-E52A9767DCC3}.AppStore|iPhone.ActiveCfg = Debug|Any CPU
		{18DBA657-06C3-49C0-A3BB-E52A9767DCC3}.AppStore|iPhone.Build.0 = Debug|Any CPU
		{18DBA657-06C3-49C0-A3BB-E52A9767DCC3}.AppStore|iPhoneSimulator.ActiveCfg = Debug|Any CPU
		{18DBA657-06C3-49C0-A3BB-E52A9767DCC3}.AppStore|iPhoneSimulator.Build.0 = Debug|Any CPU
		{18DBA657-06C3-49C0-A3BB-E52A9767DCC3}.AppStore|x64.ActiveCfg = Debug|Any CPU
		{18DBA657-06C3-49C0-A3BB-E52A9767DCC3}.AppStore|x64.Build.0 = Debug|Any CPU
		{18DBA657-06C3-49C0-A3BB-E52A9767DCC3}.AppStore|x86.ActiveCfg = Debug|Any CPU
		{18DBA657-06C3-49C0-A3BB-E52A9767DCC3}.AppStore|x86.Build.0 = Debug|Any CPU
		{18DBA657-06C3-49C0-A3BB-E52A9767DCC3}.Debug|Any CPU.ActiveCfg = Debug|Any CPU
		{18DBA657-06C3-49C0-A3BB-E52A9767DCC3}.Debug|Any CPU.Build.0 = Debug|Any CPU
		{18DBA657-06C3-49C0-A3BB-E52A9767DCC3}.Debug|ARM.ActiveCfg = Debug|Any CPU
		{18DBA657-06C3-49C0-A3BB-E52A9767DCC3}.Debug|ARM.Build.0 = Debug|Any CPU
		{18DBA657-06C3-49C0-A3BB-E52A9767DCC3}.Debug|iPhone.ActiveCfg = Debug|Any CPU
		{18DBA657-06C3-49C0-A3BB-E52A9767DCC3}.Debug|iPhone.Build.0 = Debug|Any CPU
		{18DBA657-06C3-49C0-A3BB-E52A9767DCC3}.Debug|iPhoneSimulator.ActiveCfg = Debug|Any CPU
		{18DBA657-06C3-49C0-A3BB-E52A9767DCC3}.Debug|iPhoneSimulator.Build.0 = Debug|Any CPU
		{18DBA657-06C3-49C0-A3BB-E52A9767DCC3}.Debug|x64.ActiveCfg = Debug|Any CPU
		{18DBA657-06C3-49C0-A3BB-E52A9767DCC3}.Debug|x64.Build.0 = Debug|Any CPU
		{18DBA657-06C3-49C0-A3BB-E52A9767DCC3}.Debug|x86.ActiveCfg = Debug|Any CPU
		{18DBA657-06C3-49C0-A3BB-E52A9767DCC3}.Debug|x86.Build.0 = Debug|Any CPU
		{18DBA657-06C3-49C0-A3BB-E52A9767DCC3}.Release|Any CPU.ActiveCfg = Release|Any CPU
		{18DBA657-06C3-49C0-A3BB-E52A9767DCC3}.Release|Any CPU.Build.0 = Release|Any CPU
		{18DBA657-06C3-49C0-A3BB-E52A9767DCC3}.Release|ARM.ActiveCfg = Release|Any CPU
		{18DBA657-06C3-49C0-A3BB-E52A9767DCC3}.Release|ARM.Build.0 = Release|Any CPU
		{18DBA657-06C3-49C0-A3BB-E52A9767DCC3}.Release|iPhone.ActiveCfg = Release|Any CPU
		{18DBA657-06C3-49C0-A3BB-E52A9767DCC3}.Release|iPhone.Build.0 = Release|Any CPU
		{18DBA657-06C3-49C0-A3BB-E52A9767DCC3}.Release|iPhoneSimulator.ActiveCfg = Release|Any CPU
		{18DBA657-06C3-49C0-A3BB-E52A9767DCC3}.Release|iPhoneSimulator.Build.0 = Release|Any CPU
		{18DBA657-06C3-49C0-A3BB-E52A9767DCC3}.Release|x64.ActiveCfg = Release|Any CPU
		{18DBA657-06C3-49C0-A3BB-E52A9767DCC3}.Release|x64.Build.0 = Release|Any CPU
		{18DBA657-06C3-49C0-A3BB-E52A9767DCC3}.Release|x86.ActiveCfg = Release|Any CPU
		{18DBA657-06C3-49C0-A3BB-E52A9767DCC3}.Release|x86.Build.0 = Release|Any CPU
		{D24B81CF-D2F2-4A26-9509-E22295D479C3}.Ad-Hoc|Any CPU.ActiveCfg = Release|x86
		{D24B81CF-D2F2-4A26-9509-E22295D479C3}.Ad-Hoc|Any CPU.Build.0 = Release|x86
		{D24B81CF-D2F2-4A26-9509-E22295D479C3}.Ad-Hoc|Any CPU.Deploy.0 = Release|x86
		{D24B81CF-D2F2-4A26-9509-E22295D479C3}.Ad-Hoc|ARM.ActiveCfg = Release|ARM
		{D24B81CF-D2F2-4A26-9509-E22295D479C3}.Ad-Hoc|ARM.Build.0 = Release|ARM
		{D24B81CF-D2F2-4A26-9509-E22295D479C3}.Ad-Hoc|ARM.Deploy.0 = Release|ARM
		{D24B81CF-D2F2-4A26-9509-E22295D479C3}.Ad-Hoc|iPhone.ActiveCfg = Release|x86
		{D24B81CF-D2F2-4A26-9509-E22295D479C3}.Ad-Hoc|iPhone.Build.0 = Release|x86
		{D24B81CF-D2F2-4A26-9509-E22295D479C3}.Ad-Hoc|iPhone.Deploy.0 = Release|x86
		{D24B81CF-D2F2-4A26-9509-E22295D479C3}.Ad-Hoc|iPhoneSimulator.ActiveCfg = Release|x86
		{D24B81CF-D2F2-4A26-9509-E22295D479C3}.Ad-Hoc|iPhoneSimulator.Build.0 = Release|x86
		{D24B81CF-D2F2-4A26-9509-E22295D479C3}.Ad-Hoc|iPhoneSimulator.Deploy.0 = Release|x86
		{D24B81CF-D2F2-4A26-9509-E22295D479C3}.Ad-Hoc|x64.ActiveCfg = Release|x64
		{D24B81CF-D2F2-4A26-9509-E22295D479C3}.Ad-Hoc|x64.Build.0 = Release|x64
		{D24B81CF-D2F2-4A26-9509-E22295D479C3}.Ad-Hoc|x64.Deploy.0 = Release|x64
		{D24B81CF-D2F2-4A26-9509-E22295D479C3}.Ad-Hoc|x86.ActiveCfg = Release|x86
		{D24B81CF-D2F2-4A26-9509-E22295D479C3}.Ad-Hoc|x86.Build.0 = Release|x86
		{D24B81CF-D2F2-4A26-9509-E22295D479C3}.Ad-Hoc|x86.Deploy.0 = Release|x86
		{D24B81CF-D2F2-4A26-9509-E22295D479C3}.AppStore|Any CPU.ActiveCfg = Release|x86
		{D24B81CF-D2F2-4A26-9509-E22295D479C3}.AppStore|Any CPU.Build.0 = Release|x86
		{D24B81CF-D2F2-4A26-9509-E22295D479C3}.AppStore|Any CPU.Deploy.0 = Release|x86
		{D24B81CF-D2F2-4A26-9509-E22295D479C3}.AppStore|ARM.ActiveCfg = Release|ARM
		{D24B81CF-D2F2-4A26-9509-E22295D479C3}.AppStore|ARM.Build.0 = Release|ARM
		{D24B81CF-D2F2-4A26-9509-E22295D479C3}.AppStore|ARM.Deploy.0 = Release|ARM
		{D24B81CF-D2F2-4A26-9509-E22295D479C3}.AppStore|iPhone.ActiveCfg = Release|x86
		{D24B81CF-D2F2-4A26-9509-E22295D479C3}.AppStore|iPhone.Build.0 = Release|x86
		{D24B81CF-D2F2-4A26-9509-E22295D479C3}.AppStore|iPhone.Deploy.0 = Release|x86
		{D24B81CF-D2F2-4A26-9509-E22295D479C3}.AppStore|iPhoneSimulator.ActiveCfg = Release|x86
		{D24B81CF-D2F2-4A26-9509-E22295D479C3}.AppStore|iPhoneSimulator.Build.0 = Release|x86
		{D24B81CF-D2F2-4A26-9509-E22295D479C3}.AppStore|iPhoneSimulator.Deploy.0 = Release|x86
		{D24B81CF-D2F2-4A26-9509-E22295D479C3}.AppStore|x64.ActiveCfg = Release|x64
		{D24B81CF-D2F2-4A26-9509-E22295D479C3}.AppStore|x64.Build.0 = Release|x64
		{D24B81CF-D2F2-4A26-9509-E22295D479C3}.AppStore|x64.Deploy.0 = Release|x64
		{D24B81CF-D2F2-4A26-9509-E22295D479C3}.AppStore|x86.ActiveCfg = Release|x86
		{D24B81CF-D2F2-4A26-9509-E22295D479C3}.AppStore|x86.Build.0 = Release|x86
		{D24B81CF-D2F2-4A26-9509-E22295D479C3}.AppStore|x86.Deploy.0 = Release|x86
		{D24B81CF-D2F2-4A26-9509-E22295D479C3}.Debug|Any CPU.ActiveCfg = Debug|x86
		{D24B81CF-D2F2-4A26-9509-E22295D479C3}.Debug|Any CPU.Build.0 = Debug|x86
		{D24B81CF-D2F2-4A26-9509-E22295D479C3}.Debug|Any CPU.Deploy.0 = Debug|x86
		{D24B81CF-D2F2-4A26-9509-E22295D479C3}.Debug|ARM.ActiveCfg = Debug|ARM
		{D24B81CF-D2F2-4A26-9509-E22295D479C3}.Debug|ARM.Build.0 = Debug|ARM
		{D24B81CF-D2F2-4A26-9509-E22295D479C3}.Debug|ARM.Deploy.0 = Debug|ARM
		{D24B81CF-D2F2-4A26-9509-E22295D479C3}.Debug|iPhone.ActiveCfg = Debug|x86
		{D24B81CF-D2F2-4A26-9509-E22295D479C3}.Debug|iPhoneSimulator.ActiveCfg = Debug|x86
		{D24B81CF-D2F2-4A26-9509-E22295D479C3}.Debug|x64.ActiveCfg = Debug|x64
		{D24B81CF-D2F2-4A26-9509-E22295D479C3}.Debug|x64.Build.0 = Debug|x64
		{D24B81CF-D2F2-4A26-9509-E22295D479C3}.Debug|x64.Deploy.0 = Debug|x64
		{D24B81CF-D2F2-4A26-9509-E22295D479C3}.Debug|x86.ActiveCfg = Debug|x86
		{D24B81CF-D2F2-4A26-9509-E22295D479C3}.Debug|x86.Build.0 = Debug|x86
		{D24B81CF-D2F2-4A26-9509-E22295D479C3}.Debug|x86.Deploy.0 = Debug|x86
		{D24B81CF-D2F2-4A26-9509-E22295D479C3}.Release|Any CPU.ActiveCfg = Release|x86
		{D24B81CF-D2F2-4A26-9509-E22295D479C3}.Release|ARM.ActiveCfg = Release|ARM
		{D24B81CF-D2F2-4A26-9509-E22295D479C3}.Release|ARM.Build.0 = Release|ARM
		{D24B81CF-D2F2-4A26-9509-E22295D479C3}.Release|ARM.Deploy.0 = Release|ARM
		{D24B81CF-D2F2-4A26-9509-E22295D479C3}.Release|iPhone.ActiveCfg = Release|x86
		{D24B81CF-D2F2-4A26-9509-E22295D479C3}.Release|iPhoneSimulator.ActiveCfg = Release|x86
		{D24B81CF-D2F2-4A26-9509-E22295D479C3}.Release|x64.ActiveCfg = Release|x64
		{D24B81CF-D2F2-4A26-9509-E22295D479C3}.Release|x64.Build.0 = Release|x64
		{D24B81CF-D2F2-4A26-9509-E22295D479C3}.Release|x64.Deploy.0 = Release|x64
		{D24B81CF-D2F2-4A26-9509-E22295D479C3}.Release|x86.ActiveCfg = Release|x86
		{D24B81CF-D2F2-4A26-9509-E22295D479C3}.Release|x86.Build.0 = Release|x86
		{D24B81CF-D2F2-4A26-9509-E22295D479C3}.Release|x86.Deploy.0 = Release|x86
		{B1C3635D-2151-4369-84A7-FD55BF3B539A}.Ad-Hoc|Any CPU.ActiveCfg = Release|Any CPU
		{B1C3635D-2151-4369-84A7-FD55BF3B539A}.Ad-Hoc|Any CPU.Build.0 = Release|Any CPU
		{B1C3635D-2151-4369-84A7-FD55BF3B539A}.Ad-Hoc|Any CPU.Deploy.0 = Release|Any CPU
		{B1C3635D-2151-4369-84A7-FD55BF3B539A}.Ad-Hoc|ARM.ActiveCfg = Release|Any CPU
		{B1C3635D-2151-4369-84A7-FD55BF3B539A}.Ad-Hoc|ARM.Build.0 = Release|Any CPU
		{B1C3635D-2151-4369-84A7-FD55BF3B539A}.Ad-Hoc|ARM.Deploy.0 = Release|Any CPU
		{B1C3635D-2151-4369-84A7-FD55BF3B539A}.Ad-Hoc|iPhone.ActiveCfg = Release|Any CPU
		{B1C3635D-2151-4369-84A7-FD55BF3B539A}.Ad-Hoc|iPhone.Build.0 = Release|Any CPU
		{B1C3635D-2151-4369-84A7-FD55BF3B539A}.Ad-Hoc|iPhone.Deploy.0 = Release|Any CPU
		{B1C3635D-2151-4369-84A7-FD55BF3B539A}.Ad-Hoc|iPhoneSimulator.ActiveCfg = Release|Any CPU
		{B1C3635D-2151-4369-84A7-FD55BF3B539A}.Ad-Hoc|iPhoneSimulator.Build.0 = Release|Any CPU
		{B1C3635D-2151-4369-84A7-FD55BF3B539A}.Ad-Hoc|iPhoneSimulator.Deploy.0 = Release|Any CPU
		{B1C3635D-2151-4369-84A7-FD55BF3B539A}.Ad-Hoc|x64.ActiveCfg = Release|Any CPU
		{B1C3635D-2151-4369-84A7-FD55BF3B539A}.Ad-Hoc|x64.Build.0 = Release|Any CPU
		{B1C3635D-2151-4369-84A7-FD55BF3B539A}.Ad-Hoc|x64.Deploy.0 = Release|Any CPU
		{B1C3635D-2151-4369-84A7-FD55BF3B539A}.Ad-Hoc|x86.ActiveCfg = Release|Any CPU
		{B1C3635D-2151-4369-84A7-FD55BF3B539A}.Ad-Hoc|x86.Build.0 = Release|Any CPU
		{B1C3635D-2151-4369-84A7-FD55BF3B539A}.Ad-Hoc|x86.Deploy.0 = Release|Any CPU
		{B1C3635D-2151-4369-84A7-FD55BF3B539A}.AppStore|Any CPU.ActiveCfg = Release|Any CPU
		{B1C3635D-2151-4369-84A7-FD55BF3B539A}.AppStore|Any CPU.Build.0 = Release|Any CPU
		{B1C3635D-2151-4369-84A7-FD55BF3B539A}.AppStore|Any CPU.Deploy.0 = Release|Any CPU
		{B1C3635D-2151-4369-84A7-FD55BF3B539A}.AppStore|ARM.ActiveCfg = Release|Any CPU
		{B1C3635D-2151-4369-84A7-FD55BF3B539A}.AppStore|ARM.Build.0 = Release|Any CPU
		{B1C3635D-2151-4369-84A7-FD55BF3B539A}.AppStore|ARM.Deploy.0 = Release|Any CPU
		{B1C3635D-2151-4369-84A7-FD55BF3B539A}.AppStore|iPhone.ActiveCfg = Release|Any CPU
		{B1C3635D-2151-4369-84A7-FD55BF3B539A}.AppStore|iPhone.Build.0 = Release|Any CPU
		{B1C3635D-2151-4369-84A7-FD55BF3B539A}.AppStore|iPhone.Deploy.0 = Release|Any CPU
		{B1C3635D-2151-4369-84A7-FD55BF3B539A}.AppStore|iPhoneSimulator.ActiveCfg = Release|Any CPU
		{B1C3635D-2151-4369-84A7-FD55BF3B539A}.AppStore|iPhoneSimulator.Build.0 = Release|Any CPU
		{B1C3635D-2151-4369-84A7-FD55BF3B539A}.AppStore|iPhoneSimulator.Deploy.0 = Release|Any CPU
		{B1C3635D-2151-4369-84A7-FD55BF3B539A}.AppStore|x64.ActiveCfg = Release|Any CPU
		{B1C3635D-2151-4369-84A7-FD55BF3B539A}.AppStore|x64.Build.0 = Release|Any CPU
		{B1C3635D-2151-4369-84A7-FD55BF3B539A}.AppStore|x64.Deploy.0 = Release|Any CPU
		{B1C3635D-2151-4369-84A7-FD55BF3B539A}.AppStore|x86.ActiveCfg = Release|Any CPU
		{B1C3635D-2151-4369-84A7-FD55BF3B539A}.AppStore|x86.Build.0 = Release|Any CPU
		{B1C3635D-2151-4369-84A7-FD55BF3B539A}.AppStore|x86.Deploy.0 = Release|Any CPU
		{B1C3635D-2151-4369-84A7-FD55BF3B539A}.Debug|Any CPU.ActiveCfg = Debug|Any CPU
		{B1C3635D-2151-4369-84A7-FD55BF3B539A}.Debug|Any CPU.Build.0 = Debug|Any CPU
		{B1C3635D-2151-4369-84A7-FD55BF3B539A}.Debug|Any CPU.Deploy.0 = Debug|Any CPU
		{B1C3635D-2151-4369-84A7-FD55BF3B539A}.Debug|ARM.ActiveCfg = Debug|Any CPU
		{B1C3635D-2151-4369-84A7-FD55BF3B539A}.Debug|ARM.Build.0 = Debug|Any CPU
		{B1C3635D-2151-4369-84A7-FD55BF3B539A}.Debug|ARM.Deploy.0 = Debug|Any CPU
		{B1C3635D-2151-4369-84A7-FD55BF3B539A}.Debug|iPhone.ActiveCfg = Debug|Any CPU
		{B1C3635D-2151-4369-84A7-FD55BF3B539A}.Debug|iPhone.Build.0 = Debug|Any CPU
		{B1C3635D-2151-4369-84A7-FD55BF3B539A}.Debug|iPhone.Deploy.0 = Debug|Any CPU
		{B1C3635D-2151-4369-84A7-FD55BF3B539A}.Debug|iPhoneSimulator.ActiveCfg = Debug|Any CPU
		{B1C3635D-2151-4369-84A7-FD55BF3B539A}.Debug|iPhoneSimulator.Build.0 = Debug|Any CPU
		{B1C3635D-2151-4369-84A7-FD55BF3B539A}.Debug|iPhoneSimulator.Deploy.0 = Debug|Any CPU
		{B1C3635D-2151-4369-84A7-FD55BF3B539A}.Debug|x64.ActiveCfg = Debug|Any CPU
		{B1C3635D-2151-4369-84A7-FD55BF3B539A}.Debug|x64.Build.0 = Debug|Any CPU
		{B1C3635D-2151-4369-84A7-FD55BF3B539A}.Debug|x64.Deploy.0 = Debug|Any CPU
		{B1C3635D-2151-4369-84A7-FD55BF3B539A}.Debug|x86.ActiveCfg = Debug|Any CPU
		{B1C3635D-2151-4369-84A7-FD55BF3B539A}.Debug|x86.Build.0 = Debug|Any CPU
		{B1C3635D-2151-4369-84A7-FD55BF3B539A}.Debug|x86.Deploy.0 = Debug|Any CPU
		{B1C3635D-2151-4369-84A7-FD55BF3B539A}.Release|Any CPU.ActiveCfg = Release|Any CPU
		{B1C3635D-2151-4369-84A7-FD55BF3B539A}.Release|Any CPU.Build.0 = Release|Any CPU
		{B1C3635D-2151-4369-84A7-FD55BF3B539A}.Release|Any CPU.Deploy.0 = Release|Any CPU
		{B1C3635D-2151-4369-84A7-FD55BF3B539A}.Release|ARM.ActiveCfg = Release|Any CPU
		{B1C3635D-2151-4369-84A7-FD55BF3B539A}.Release|ARM.Build.0 = Release|Any CPU
		{B1C3635D-2151-4369-84A7-FD55BF3B539A}.Release|ARM.Deploy.0 = Release|Any CPU
		{B1C3635D-2151-4369-84A7-FD55BF3B539A}.Release|iPhone.ActiveCfg = Release|Any CPU
		{B1C3635D-2151-4369-84A7-FD55BF3B539A}.Release|iPhone.Build.0 = Release|Any CPU
		{B1C3635D-2151-4369-84A7-FD55BF3B539A}.Release|iPhone.Deploy.0 = Release|Any CPU
		{B1C3635D-2151-4369-84A7-FD55BF3B539A}.Release|iPhoneSimulator.ActiveCfg = Release|Any CPU
		{B1C3635D-2151-4369-84A7-FD55BF3B539A}.Release|iPhoneSimulator.Build.0 = Release|Any CPU
		{B1C3635D-2151-4369-84A7-FD55BF3B539A}.Release|iPhoneSimulator.Deploy.0 = Release|Any CPU
		{B1C3635D-2151-4369-84A7-FD55BF3B539A}.Release|x64.ActiveCfg = Release|Any CPU
		{B1C3635D-2151-4369-84A7-FD55BF3B539A}.Release|x64.Build.0 = Release|Any CPU
		{B1C3635D-2151-4369-84A7-FD55BF3B539A}.Release|x64.Deploy.0 = Release|Any CPU
		{B1C3635D-2151-4369-84A7-FD55BF3B539A}.Release|x86.ActiveCfg = Release|Any CPU
		{B1C3635D-2151-4369-84A7-FD55BF3B539A}.Release|x86.Build.0 = Release|Any CPU
		{B1C3635D-2151-4369-84A7-FD55BF3B539A}.Release|x86.Deploy.0 = Release|Any CPU
		{C2855AAE-4162-4F0E-BA6E-16DAB7F37167}.Ad-Hoc|Any CPU.ActiveCfg = Ad-Hoc|iPhone
		{C2855AAE-4162-4F0E-BA6E-16DAB7F37167}.Ad-Hoc|ARM.ActiveCfg = Ad-Hoc|iPhone
		{C2855AAE-4162-4F0E-BA6E-16DAB7F37167}.Ad-Hoc|iPhone.ActiveCfg = Ad-Hoc|iPhone
		{C2855AAE-4162-4F0E-BA6E-16DAB7F37167}.Ad-Hoc|iPhone.Build.0 = Ad-Hoc|iPhone
		{C2855AAE-4162-4F0E-BA6E-16DAB7F37167}.Ad-Hoc|iPhoneSimulator.ActiveCfg = Ad-Hoc|iPhoneSimulator
		{C2855AAE-4162-4F0E-BA6E-16DAB7F37167}.Ad-Hoc|iPhoneSimulator.Build.0 = Ad-Hoc|iPhoneSimulator
		{C2855AAE-4162-4F0E-BA6E-16DAB7F37167}.Ad-Hoc|x64.ActiveCfg = Ad-Hoc|iPhone
		{C2855AAE-4162-4F0E-BA6E-16DAB7F37167}.Ad-Hoc|x86.ActiveCfg = Ad-Hoc|iPhone
		{C2855AAE-4162-4F0E-BA6E-16DAB7F37167}.AppStore|Any CPU.ActiveCfg = AppStore|iPhone
		{C2855AAE-4162-4F0E-BA6E-16DAB7F37167}.AppStore|ARM.ActiveCfg = AppStore|iPhone
		{C2855AAE-4162-4F0E-BA6E-16DAB7F37167}.AppStore|iPhone.ActiveCfg = AppStore|iPhone
		{C2855AAE-4162-4F0E-BA6E-16DAB7F37167}.AppStore|iPhone.Build.0 = AppStore|iPhone
		{C2855AAE-4162-4F0E-BA6E-16DAB7F37167}.AppStore|iPhoneSimulator.ActiveCfg = AppStore|iPhoneSimulator
		{C2855AAE-4162-4F0E-BA6E-16DAB7F37167}.AppStore|iPhoneSimulator.Build.0 = AppStore|iPhoneSimulator
		{C2855AAE-4162-4F0E-BA6E-16DAB7F37167}.AppStore|x64.ActiveCfg = AppStore|iPhone
		{C2855AAE-4162-4F0E-BA6E-16DAB7F37167}.AppStore|x86.ActiveCfg = AppStore|iPhone
		{C2855AAE-4162-4F0E-BA6E-16DAB7F37167}.Debug|Any CPU.ActiveCfg = Debug|iPhone
		{C2855AAE-4162-4F0E-BA6E-16DAB7F37167}.Debug|ARM.ActiveCfg = Debug|iPhone
		{C2855AAE-4162-4F0E-BA6E-16DAB7F37167}.Debug|iPhone.ActiveCfg = Debug|iPhone
		{C2855AAE-4162-4F0E-BA6E-16DAB7F37167}.Debug|iPhone.Build.0 = Debug|iPhone
		{C2855AAE-4162-4F0E-BA6E-16DAB7F37167}.Debug|iPhoneSimulator.ActiveCfg = Debug|iPhoneSimulator
		{C2855AAE-4162-4F0E-BA6E-16DAB7F37167}.Debug|iPhoneSimulator.Build.0 = Debug|iPhoneSimulator
		{C2855AAE-4162-4F0E-BA6E-16DAB7F37167}.Debug|x64.ActiveCfg = Debug|iPhone
		{C2855AAE-4162-4F0E-BA6E-16DAB7F37167}.Debug|x86.ActiveCfg = Debug|iPhone
		{C2855AAE-4162-4F0E-BA6E-16DAB7F37167}.Release|Any CPU.ActiveCfg = Release|iPhone
		{C2855AAE-4162-4F0E-BA6E-16DAB7F37167}.Release|ARM.ActiveCfg = Release|iPhone
		{C2855AAE-4162-4F0E-BA6E-16DAB7F37167}.Release|iPhone.ActiveCfg = Release|iPhone
		{C2855AAE-4162-4F0E-BA6E-16DAB7F37167}.Release|iPhone.Build.0 = Release|iPhone
		{C2855AAE-4162-4F0E-BA6E-16DAB7F37167}.Release|iPhoneSimulator.ActiveCfg = Release|iPhoneSimulator
		{C2855AAE-4162-4F0E-BA6E-16DAB7F37167}.Release|iPhoneSimulator.Build.0 = Release|iPhoneSimulator
		{C2855AAE-4162-4F0E-BA6E-16DAB7F37167}.Release|x64.ActiveCfg = Release|iPhone
		{C2855AAE-4162-4F0E-BA6E-16DAB7F37167}.Release|x86.ActiveCfg = Release|iPhone
	EndGlobalSection
	GlobalSection(SolutionProperties) = preSolution
		HideSolutionNode = FALSE
	EndGlobalSection
	GlobalSection(ExtensibilityGlobals) = postSolution
		SolutionGuid = {BC5D64B8-0633-4EAD-83E3-E98CC636EBBE}
	EndGlobalSection
EndGlobal
