
Microsoft Visual Studio Solution File, Format Version 12.00
# Visual Studio 15
VisualStudioVersion = 15.0.27729.1
MinimumVisualStudioVersion = 10.0.40219.1
Project("{9A19103F-16F7-4668-BE54-9A1E7A4F7556}") = "Battleships.OouiCoreUI", "Battleships.OouiCoreUI.csproj", "{8631EB32-4C82-4E06-ADB4-06254B03C72A}"
EndProject
Project("{9A19103F-16F7-4668-BE54-9A1E7A4F7556}") = "Battleships.XamFormsUI", "..\Battleships.XamFormsUI\src\Battleships.XamFormsUI\Battleships.XamFormsUI.csproj", "{BB5708B2-A16F-4236-A142-C8CBE66D74CE}"
EndProject
Project("{9A19103F-16F7-4668-BE54-9A1E7A4F7556}") = "Battleships.Model", "..\Battleships.Model\Battleships.Model.csproj", "{046CFCAE-D862-4BCC-AE88-FA1AFE786447}"
EndProject
Global
	GlobalSection(SolutionConfigurationPlatforms) = preSolution
		Debug|Any CPU = Debug|Any CPU
		Release|Any CPU = Release|Any CPU
	EndGlobalSection
	GlobalSection(ProjectConfigurationPlatforms) = postSolution
		{8631EB32-4C82-4E06-ADB4-06254B03C72A}.Debug|Any CPU.ActiveCfg = Debug|Any CPU
		{8631EB32-4C82-4E06-ADB4-06254B03C72A}.Debug|Any CPU.Build.0 = Debug|Any CPU
		{8631EB32-4C82-4E06-ADB4-06254B03C72A}.Release|Any CPU.ActiveCfg = Release|Any CPU
		{8631EB32-4C82-4E06-ADB4-06254B03C72A}.Release|Any CPU.Build.0 = Release|Any CPU
		{BB5708B2-A16F-4236-A142-C8CBE66D74CE}.Debug|Any CPU.ActiveCfg = Debug|Any CPU
		{BB5708B2-A16F-4236-A142-C8CBE66D74CE}.Debug|Any CPU.Build.0 = Debug|Any CPU
		{BB5708B2-A16F-4236-A142-C8CBE66D74CE}.Release|Any CPU.ActiveCfg = Release|Any CPU
		{BB5708B2-A16F-4236-A142-C8CBE66D74CE}.Release|Any CPU.Build.0 = Release|Any CPU
		{046CFCAE-D862-4BCC-AE88-FA1AFE786447}.Debug|Any CPU.ActiveCfg = Debug|Any CPU
		{046CFCAE-D862-4BCC-AE88-FA1AFE786447}.Debug|Any CPU.Build.0 = Debug|Any CPU
		{046CFCAE-D862-4BCC-AE88-FA1AFE786447}.Release|Any CPU.ActiveCfg = Release|Any CPU
		{046CFCAE-D862-4BCC-AE88-FA1AFE786447}.Release|Any CPU.Build.0 = Release|Any CPU
	EndGlobalSection
	GlobalSection(SolutionProperties) = preSolution
		HideSolutionNode = FALSE
	EndGlobalSection
	GlobalSection(ExtensibilityGlobals) = postSolution
		SolutionGuid = {44D27E26-D899-4600-9459-272BB73DF0D5}
	EndGlobalSection
EndGlobal
